
Microsoft Visual Studio Solution File, Format Version 12.00
# Visual Studio Version 17
VisualStudioVersion = 17.11.35222.181
MinimumVisualStudioVersion = 10.0.40219.1
Project("{9A19103F-16F7-4668-BE54-9A1E7A4F7556}") = "InventoryManager", "InventoryManager\InventoryManager.csproj", "{583E470F-9257-42A4-905A-5EB91B506B81}"
EndProject
Project("{9A19103F-16F7-4668-BE54-9A1E7A4F7556}") = "libDB", "libDB\libDB.csproj", "{F3CA0180-1FEE-4E39-9999-E40355A7B069}"
EndProject
Project("{9A19103F-16F7-4668-BE54-9A1E7A4F7556}") = "InventoryModels", "InventoryModels\InventoryModels.csproj", "{73BF7839-36DA-40FE-8162-FCE53E539A1B}"
EndProject
Project("{9A19103F-16F7-4668-BE54-9A1E7A4F7556}") = "InventoryHelpers", "InventoryHelpers\InventoryHelpers.csproj", "{B4F5E136-ADC2-4EB5-81AB-56E02DD16D67}"
EndProject
Project("{9A19103F-16F7-4668-BE54-9A1E7A4F7556}") = "EFCore_CRUD_Activity", "EFCore_CRUD_Activity\EFCore_CRUD_Activity.csproj", "{81D5F78F-9601-4BC4-B364-EBF8153B4FA8}"
EndProject
Project("{FAE04EC0-301F-11D3-BF4B-00C04F79EFBC}") = "InventoryDataMigrator", "InventoryDataMigrator\InventoryDataMigrator.csproj", "{637071D1-F807-40E2-9582-B306BF11DA36}"
EndProject
Project("{FAE04EC0-301F-11D3-BF4B-00C04F79EFBC}") = "InventoryDatabaseLayer", "InventoryDatabaseLayer\InventoryDatabaseLayer.csproj", "{1EB290A3-7AF3-46F3-A866-B7A747C44E00}"
EndProject
Project("{FAE04EC0-301F-11D3-BF4B-00C04F79EFBC}") = "InventoryBusinessLayer", "InventoryBusinessLayer\InventoryBusinessLayer.csproj", "{419D4BE0-1972-4EE7-8074-74CD61AE4051}"
EndProject
Project("{FAE04EC0-301F-11D3-BF4B-00C04F79EFBC}") = "InventoryManagerUnitTests", "InventoryManagerUnitTests\InventoryManagerUnitTests.csproj", "{6C587AC6-8884-4DFA-A432-79AC6C096179}"
EndProject
Project("{FAE04EC0-301F-11D3-BF4B-00C04F79EFBC}") = "InventoryManagerIntegrationTests", "InventoryManagerIntegrationTests\InventoryManagerIntegrationTests.csproj", "{95B1792D-8C23-47E5-A2B1-C0A4BC402A4D}"
EndProject
Global
	GlobalSection(SolutionConfigurationPlatforms) = preSolution
		Debug|Any CPU = Debug|Any CPU
		Release|Any CPU = Release|Any CPU
	EndGlobalSection
	GlobalSection(ProjectConfigurationPlatforms) = postSolution
		{583E470F-9257-42A4-905A-5EB91B506B81}.Debug|Any CPU.ActiveCfg = Debug|Any CPU
		{583E470F-9257-42A4-905A-5EB91B506B81}.Debug|Any CPU.Build.0 = Debug|Any CPU
		{583E470F-9257-42A4-905A-5EB91B506B81}.Release|Any CPU.ActiveCfg = Release|Any CPU
		{583E470F-9257-42A4-905A-5EB91B506B81}.Release|Any CPU.Build.0 = Release|Any CPU
		{F3CA0180-1FEE-4E39-9999-E40355A7B069}.Debug|Any CPU.ActiveCfg = Debug|Any CPU
		{F3CA0180-1FEE-4E39-9999-E40355A7B069}.Debug|Any CPU.Build.0 = Debug|Any CPU
		{F3CA0180-1FEE-4E39-9999-E40355A7B069}.Release|Any CPU.ActiveCfg = Release|Any CPU
		{F3CA0180-1FEE-4E39-9999-E40355A7B069}.Release|Any CPU.Build.0 = Release|Any CPU
		{73BF7839-36DA-40FE-8162-FCE53E539A1B}.Debug|Any CPU.ActiveCfg = Debug|Any CPU
		{73BF7839-36DA-40FE-8162-FCE53E539A1B}.Debug|Any CPU.Build.0 = Debug|Any CPU
		{73BF7839-36DA-40FE-8162-FCE53E539A1B}.Release|Any CPU.ActiveCfg = Release|Any CPU
		{73BF7839-36DA-40FE-8162-FCE53E539A1B}.Release|Any CPU.Build.0 = Release|Any CPU
		{B4F5E136-ADC2-4EB5-81AB-56E02DD16D67}.Debug|Any CPU.ActiveCfg = Debug|Any CPU
		{B4F5E136-ADC2-4EB5-81AB-56E02DD16D67}.Debug|Any CPU.Build.0 = Debug|Any CPU
		{B4F5E136-ADC2-4EB5-81AB-56E02DD16D67}.Release|Any CPU.ActiveCfg = Release|Any CPU
		{B4F5E136-ADC2-4EB5-81AB-56E02DD16D67}.Release|Any CPU.Build.0 = Release|Any CPU
		{81D5F78F-9601-4BC4-B364-EBF8153B4FA8}.Debug|Any CPU.ActiveCfg = Debug|Any CPU
		{81D5F78F-9601-4BC4-B364-EBF8153B4FA8}.Debug|Any CPU.Build.0 = Debug|Any CPU
		{81D5F78F-9601-4BC4-B364-EBF8153B4FA8}.Release|Any CPU.ActiveCfg = Release|Any CPU
		{81D5F78F-9601-4BC4-B364-EBF8153B4FA8}.Release|Any CPU.Build.0 = Release|Any CPU
		{637071D1-F807-40E2-9582-B306BF11DA36}.Debug|Any CPU.ActiveCfg = Debug|Any CPU
		{637071D1-F807-40E2-9582-B306BF11DA36}.Debug|Any CPU.Build.0 = Debug|Any CPU
		{637071D1-F807-40E2-9582-B306BF11DA36}.Release|Any CPU.ActiveCfg = Release|Any CPU
		{637071D1-F807-40E2-9582-B306BF11DA36}.Release|Any CPU.Build.0 = Release|Any CPU
		{1EB290A3-7AF3-46F3-A866-B7A747C44E00}.Debug|Any CPU.ActiveCfg = Debug|Any CPU
		{1EB290A3-7AF3-46F3-A866-B7A747C44E00}.Debug|Any CPU.Build.0 = Debug|Any CPU
		{1EB290A3-7AF3-46F3-A866-B7A747C44E00}.Release|Any CPU.ActiveCfg = Release|Any CPU
		{1EB290A3-7AF3-46F3-A866-B7A747C44E00}.Release|Any CPU.Build.0 = Release|Any CPU
		{419D4BE0-1972-4EE7-8074-74CD61AE4051}.Debug|Any CPU.ActiveCfg = Debug|Any CPU
		{419D4BE0-1972-4EE7-8074-74CD61AE4051}.Debug|Any CPU.Build.0 = Debug|Any CPU
		{419D4BE0-1972-4EE7-8074-74CD61AE4051}.Release|Any CPU.ActiveCfg = Release|Any CPU
		{419D4BE0-1972-4EE7-8074-74CD61AE4051}.Release|Any CPU.Build.0 = Release|Any CPU
		{6C587AC6-8884-4DFA-A432-79AC6C096179}.Debug|Any CPU.ActiveCfg = Debug|Any CPU
		{6C587AC6-8884-4DFA-A432-79AC6C096179}.Debug|Any CPU.Build.0 = Debug|Any CPU
		{6C587AC6-8884-4DFA-A432-79AC6C096179}.Release|Any CPU.ActiveCfg = Release|Any CPU
		{6C587AC6-8884-4DFA-A432-79AC6C096179}.Release|Any CPU.Build.0 = Release|Any CPU
		{95B1792D-8C23-47E5-A2B1-C0A4BC402A4D}.Debug|Any CPU.ActiveCfg = Debug|Any CPU
		{95B1792D-8C23-47E5-A2B1-C0A4BC402A4D}.Debug|Any CPU.Build.0 = Debug|Any CPU
		{95B1792D-8C23-47E5-A2B1-C0A4BC402A4D}.Release|Any CPU.ActiveCfg = Release|Any CPU
		{95B1792D-8C23-47E5-A2B1-C0A4BC402A4D}.Release|Any CPU.Build.0 = Release|Any CPU
	EndGlobalSection
	GlobalSection(SolutionProperties) = preSolution
		HideSolutionNode = FALSE
	EndGlobalSection
	GlobalSection(ExtensibilityGlobals) = postSolution
		SolutionGuid = {85A7B604-0BF3-4812-853C-C3434444A4F8}
	EndGlobalSection
EndGlobal
